
Microsoft Visual Studio Solution File, Format Version 12.00
# Visual Studio Version 16
VisualStudioVersion = 16.0.31729.503
MinimumVisualStudioVersion = 10.0.40219.1
Project("{FAE04EC0-301F-11D3-BF4B-00C04F79EFBC}") = "PepeKursach", "PepeKursach\PepeKursach.csproj", "{5C3030F4-745C-47CD-81F3-DFCA0250DE85}"
EndProject
Project("{FAE04EC0-301F-11D3-BF4B-00C04F79EFBC}") = "PepeKursachTest", "PepeKursachTest\PepeKursachTest.csproj", "{699E1CC6-E1B7-4D3D-B901-6584562D0957}"
EndProject
Project("{2150E333-8FDC-42A3-9474-1A3956D46DE8}") = "Solution Items", "Solution Items", "{AD2B9091-4DF7-412B-873F-BA5D87D6B1A5}"
	ProjectSection(SolutionItems) = preProject
		README.md = README.md
	EndProjectSection
EndProject
Global
	GlobalSection(SolutionConfigurationPlatforms) = preSolution
		Debug|Any CPU = Debug|Any CPU
		Release|Any CPU = Release|Any CPU
	EndGlobalSection
	GlobalSection(ProjectConfigurationPlatforms) = postSolution
		{5C3030F4-745C-47CD-81F3-DFCA0250DE85}.Debug|Any CPU.ActiveCfg = Debug|Any CPU
		{5C3030F4-745C-47CD-81F3-DFCA0250DE85}.Debug|Any CPU.Build.0 = Debug|Any CPU
		{5C3030F4-745C-47CD-81F3-DFCA0250DE85}.Release|Any CPU.ActiveCfg = Release|Any CPU
		{5C3030F4-745C-47CD-81F3-DFCA0250DE85}.Release|Any CPU.Build.0 = Release|Any CPU
		{699E1CC6-E1B7-4D3D-B901-6584562D0957}.Debug|Any CPU.ActiveCfg = Debug|Any CPU
		{699E1CC6-E1B7-4D3D-B901-6584562D0957}.Debug|Any CPU.Build.0 = Debug|Any CPU
		{699E1CC6-E1B7-4D3D-B901-6584562D0957}.Release|Any CPU.ActiveCfg = Release|Any CPU
		{699E1CC6-E1B7-4D3D-B901-6584562D0957}.Release|Any CPU.Build.0 = Release|Any CPU
	EndGlobalSection
	GlobalSection(SolutionProperties) = preSolution
		HideSolutionNode = FALSE
	EndGlobalSection
	GlobalSection(ExtensibilityGlobals) = postSolution
		SolutionGuid = {7349C961-8B4D-4651-991D-84FCAF39AD2D}
	EndGlobalSection
EndGlobal
